// !$*UTF8*$!
{
	archiveVersion = 1;
	classes = {
	};
	objectVersion = 48;
	objects = {

/* Begin PBXBuildFile section */
		D1823F111F9D9370005525DE /* AppDelegate.swift in Sources */ = {isa = PBXBuildFile; fileRef = D1823F101F9D9370005525DE /* AppDelegate.swift */; };
		D1823F131F9D9370005525DE /* ViewController.swift in Sources */ = {isa = PBXBuildFile; fileRef = D1823F121F9D9370005525DE /* ViewController.swift */; };
		D1823F161F9D9370005525DE /* Main.storyboard in Resources */ = {isa = PBXBuildFile; fileRef = D1823F141F9D9370005525DE /* Main.storyboard */; };
		D1823F181F9D9370005525DE /* Assets.xcassets in Resources */ = {isa = PBXBuildFile; fileRef = D1823F171F9D9370005525DE /* Assets.xcassets */; };
		D1823F1B1F9D9370005525DE /* LaunchScreen.storyboard in Resources */ = {isa = PBXBuildFile; fileRef = D1823F191F9D9370005525DE /* LaunchScreen.storyboard */; };
		D1823F261F9D9370005525DE /* smpleDatePickerTests.swift in Sources */ = {isa = PBXBuildFile; fileRef = D1823F251F9D9370005525DE /* smpleDatePickerTests.swift */; };
		D1823F311F9D9370005525DE /* smpleDatePickerUITests.swift in Sources */ = {isa = PBXBuildFile; fileRef = D1823F301F9D9370005525DE /* smpleDatePickerUITests.swift */; };
/* End PBXBuildFile section */

/* Begin PBXContainerItemProxy section */
		D1823F221F9D9370005525DE /* PBXContainerItemProxy */ = {
			isa = PBXContainerItemProxy;
			containerPortal = D1823F051F9D9370005525DE /* Project object */;
			proxyType = 1;
			remoteGlobalIDString = D1823F0C1F9D9370005525DE;
			remoteInfo = smpleDatePicker;
		};
		D1823F2D1F9D9370005525DE /* PBXContainerItemProxy */ = {
			isa = PBXContainerItemProxy;
			containerPortal = D1823F051F9D9370005525DE /* Project object */;
			proxyType = 1;
			remoteGlobalIDString = D1823F0C1F9D9370005525DE;
			remoteInfo = smpleDatePicker;
		};
/* End PBXContainerItemProxy section */

/* Begin PBXFileReference section */
		D1823F0D1F9D9370005525DE /* smpleDatePicker.app */ = {isa = PBXFileReference; explicitFileType = wrapper.application; includeInIndex = 0; path = smpleDatePicker.app; sourceTree = BUILT_PRODUCTS_DIR; };
		D1823F101F9D9370005525DE /* AppDelegate.swift */ = {isa = PBXFileReference; lastKnownFileType = sourcecode.swift; path = AppDelegate.swift; sourceTree = "<group>"; };
		D1823F121F9D9370005525DE /* ViewController.swift */ = {isa = PBXFileReference; lastKnownFileType = sourcecode.swift; path = ViewController.swift; sourceTree = "<group>"; };
		D1823F151F9D9370005525DE /* Base */ = {isa = PBXFileReference; lastKnownFileType = file.storyboard; name = Base; path = Base.lproj/Main.storyboard; sourceTree = "<group>"; };
		D1823F171F9D9370005525DE /* Assets.xcassets */ = {isa = PBXFileReference; lastKnownFileType = folder.assetcatalog; path = Assets.xcassets; sourceTree = "<group>"; };
		D1823F1A1F9D9370005525DE /* Base */ = {isa = PBXFileReference; lastKnownFileType = file.storyboard; name = Base; path = Base.lproj/LaunchScreen.storyboard; sourceTree = "<group>"; };
		D1823F1C1F9D9370005525DE /* Info.plist */ = {isa = PBXFileReference; lastKnownFileType = text.plist.xml; path = Info.plist; sourceTree = "<group>"; };
		D1823F211F9D9370005525DE /* smpleDatePickerTests.xctest */ = {isa = PBXFileReference; explicitFileType = wrapper.cfbundle; includeInIndex = 0; path = smpleDatePickerTests.xctest; sourceTree = BUILT_PRODUCTS_DIR; };
		D1823F251F9D9370005525DE /* smpleDatePickerTests.swift */ = {isa = PBXFileReference; lastKnownFileType = sourcecode.swift; path = smpleDatePickerTests.swift; sourceTree = "<group>"; };
		D1823F271F9D9370005525DE /* Info.plist */ = {isa = PBXFileReference; lastKnownFileType = text.plist.xml; path = Info.plist; sourceTree = "<group>"; };
		D1823F2C1F9D9370005525DE /* smpleDatePickerUITests.xctest */ = {isa = PBXFileReference; explicitFileType = wrapper.cfbundle; includeInIndex = 0; path = smpleDatePickerUITests.xctest; sourceTree = BUILT_PRODUCTS_DIR; };
		D1823F301F9D9370005525DE /* smpleDatePickerUITests.swift */ = {isa = PBXFileReference; lastKnownFileType = sourcecode.swift; path = smpleDatePickerUITests.swift; sourceTree = "<group>"; };
		D1823F321F9D9370005525DE /* Info.plist */ = {isa = PBXFileReference; lastKnownFileType = text.plist.xml; path = Info.plist; sourceTree = "<group>"; };
/* End PBXFileReference section */

/* Begin PBXFrameworksBuildPhase section */
		D1823F0A1F9D9370005525DE /* Frameworks */ = {
			isa = PBXFrameworksBuildPhase;
			buildActionMask = 2147483647;
			files = (
			);
			runOnlyForDeploymentPostprocessing = 0;
		};
		D1823F1E1F9D9370005525DE /* Frameworks */ = {
			isa = PBXFrameworksBuildPhase;
			buildActionMask = 2147483647;
			files = (
			);
			runOnlyForDeploymentPostprocessing = 0;
		};
		D1823F291F9D9370005525DE /* Frameworks */ = {
			isa = PBXFrameworksBuildPhase;
			buildActionMask = 2147483647;
			files = (
			);
			runOnlyForDeploymentPostprocessing = 0;
		};
/* End PBXFrameworksBuildPhase section */

/* Begin PBXGroup section */
		D1823F041F9D9370005525DE = {
			isa = PBXGroup;
			children = (
				D1823F0F1F9D9370005525DE /* smpleDatePicker */,
				D1823F241F9D9370005525DE /* smpleDatePickerTests */,
				D1823F2F1F9D9370005525DE /* smpleDatePickerUITests */,
				D1823F0E1F9D9370005525DE /* Products */,
			);
			sourceTree = "<group>";
		};
		D1823F0E1F9D9370005525DE /* Products */ = {
			isa = PBXGroup;
			children = (
				D1823F0D1F9D9370005525DE /* smpleDatePicker.app */,
				D1823F211F9D9370005525DE /* smpleDatePickerTests.xctest */,
				D1823F2C1F9D9370005525DE /* smpleDatePickerUITests.xctest */,
			);
			name = Products;
			sourceTree = "<group>";
		};
		D1823F0F1F9D9370005525DE /* smpleDatePicker */ = {
			isa = PBXGroup;
			children = (
				D1823F101F9D9370005525DE /* AppDelegate.swift */,
				D1823F121F9D9370005525DE /* ViewController.swift */,
				D1823F141F9D9370005525DE /* Main.storyboard */,
				D1823F171F9D9370005525DE /* Assets.xcassets */,
				D1823F191F9D9370005525DE /* LaunchScreen.storyboard */,
				D1823F1C1F9D9370005525DE /* Info.plist */,
			);
			path = smpleDatePicker;
			sourceTree = "<group>";
		};
		D1823F241F9D9370005525DE /* smpleDatePickerTests */ = {
			isa = PBXGroup;
			children = (
				D1823F251F9D9370005525DE /* smpleDatePickerTests.swift */,
				D1823F271F9D9370005525DE /* Info.plist */,
			);
			path = smpleDatePickerTests;
			sourceTree = "<group>";
		};
		D1823F2F1F9D9370005525DE /* smpleDatePickerUITests */ = {
			isa = PBXGroup;
			children = (
				D1823F301F9D9370005525DE /* smpleDatePickerUITests.swift */,
				D1823F321F9D9370005525DE /* Info.plist */,
			);
			path = smpleDatePickerUITests;
			sourceTree = "<group>";
		};
/* End PBXGroup section */

/* Begin PBXNativeTarget section */
		D1823F0C1F9D9370005525DE /* smpleDatePicker */ = {
			isa = PBXNativeTarget;
			buildConfigurationList = D1823F351F9D9370005525DE /* Build configuration list for PBXNativeTarget "smpleDatePicker" */;
			buildPhases = (
				D1823F091F9D9370005525DE /* Sources */,
				D1823F0A1F9D9370005525DE /* Frameworks */,
				D1823F0B1F9D9370005525DE /* Resources */,
			);
			buildRules = (
			);
			dependencies = (
			);
			name = smpleDatePicker;
			productName = smpleDatePicker;
			productReference = D1823F0D1F9D9370005525DE /* smpleDatePicker.app */;
			productType = "com.apple.product-type.application";
		};
		D1823F201F9D9370005525DE /* smpleDatePickerTests */ = {
			isa = PBXNativeTarget;
			buildConfigurationList = D1823F381F9D9370005525DE /* Build configuration list for PBXNativeTarget "smpleDatePickerTests" */;
			buildPhases = (
				D1823F1D1F9D9370005525DE /* Sources */,
				D1823F1E1F9D9370005525DE /* Frameworks */,
				D1823F1F1F9D9370005525DE /* Resources */,
			);
			buildRules = (
			);
			dependencies = (
				D1823F231F9D9370005525DE /* PBXTargetDependency */,
			);
			name = smpleDatePickerTests;
			productName = smpleDatePickerTests;
			productReference = D1823F211F9D9370005525DE /* smpleDatePickerTests.xctest */;
			productType = "com.apple.product-type.bundle.unit-test";
		};
		D1823F2B1F9D9370005525DE /* smpleDatePickerUITests */ = {
			isa = PBXNativeTarget;
			buildConfigurationList = D1823F3B1F9D9370005525DE /* Build configuration list for PBXNativeTarget "smpleDatePickerUITests" */;
			buildPhases = (
				D1823F281F9D9370005525DE /* Sources */,
				D1823F291F9D9370005525DE /* Frameworks */,
				D1823F2A1F9D9370005525DE /* Resources */,
			);
			buildRules = (
			);
			dependencies = (
				D1823F2E1F9D9370005525DE /* PBXTargetDependency */,
			);
			name = smpleDatePickerUITests;
			productName = smpleDatePickerUITests;
			productReference = D1823F2C1F9D9370005525DE /* smpleDatePickerUITests.xctest */;
			productType = "com.apple.product-type.bundle.ui-testing";
		};
/* End PBXNativeTarget section */

/* Begin PBXProject section */
		D1823F051F9D9370005525DE /* Project object */ = {
			isa = PBXProject;
			attributes = {
				LastSwiftUpdateCheck = 0900;
				LastUpgradeCheck = 0900;
				ORGANIZATIONNAME = "Yoshitomo Kobatashi";
				TargetAttributes = {
					D1823F0C1F9D9370005525DE = {
						CreatedOnToolsVersion = 9.0.1;
						ProvisioningStyle = Automatic;
					};
					D1823F201F9D9370005525DE = {
						CreatedOnToolsVersion = 9.0.1;
						ProvisioningStyle = Automatic;
						TestTargetID = D1823F0C1F9D9370005525DE;
					};
					D1823F2B1F9D9370005525DE = {
						CreatedOnToolsVersion = 9.0.1;
						ProvisioningStyle = Automatic;
						TestTargetID = D1823F0C1F9D9370005525DE;
					};
				};
			};
			buildConfigurationList = D1823F081F9D9370005525DE /* Build configuration list for PBXProject "smpleDatePicker" */;
			compatibilityVersion = "Xcode 8.0";
			developmentRegion = en;
			hasScannedForEncodings = 0;
			knownRegions = (
				en,
				Base,
			);
			mainGroup = D1823F041F9D9370005525DE;
			productRefGroup = D1823F0E1F9D9370005525DE /* Products */;
			projectDirPath = "";
			projectRoot = "";
			targets = (
				D1823F0C1F9D9370005525DE /* smpleDatePicker */,
				D1823F201F9D9370005525DE /* smpleDatePickerTests */,
				D1823F2B1F9D9370005525DE /* smpleDatePickerUITests */,
			);
		};
/* End PBXProject section */

/* Begin PBXResourcesBuildPhase section */
		D1823F0B1F9D9370005525DE /* Resources */ = {
			isa = PBXResourcesBuildPhase;
			buildActionMask = 2147483647;
			files = (
				D1823F1B1F9D9370005525DE /* LaunchScreen.storyboard in Resources */,
				D1823F181F9D9370005525DE /* Assets.xcassets in Resources */,
				D1823F161F9D9370005525DE /* Main.storyboard in Resources */,
			);
			runOnlyForDeploymentPostprocessing = 0;
		};
		D1823F1F1F9D9370005525DE /* Resources */ = {
			isa = PBXResourcesBuildPhase;
			buildActionMask = 2147483647;
			files = (
			);
			runOnlyForDeploymentPostprocessing = 0;
		};
		D1823F2A1F9D9370005525DE /* Resources */ = {
			isa = PBXResourcesBuildPhase;
			buildActionMask = 2147483647;
			files = (
			);
			runOnlyForDeploymentPostprocessing = 0;
		};
/* End PBXResourcesBuildPhase section */

/* Begin PBXSourcesBuildPhase section */
		D1823F091F9D9370005525DE /* Sources */ = {
			isa = PBXSourcesBuildPhase;
			buildActionMask = 2147483647;
			files = (
				D1823F131F9D9370005525DE /* ViewController.swift in Sources */,
				D1823F111F9D9370005525DE /* AppDelegate.swift in Sources */,
			);
			runOnlyForDeploymentPostprocessing = 0;
		};
		D1823F1D1F9D9370005525DE /* Sources */ = {
			isa = PBXSourcesBuildPhase;
			buildActionMask = 2147483647;
			files = (
				D1823F261F9D9370005525DE /* smpleDatePickerTests.swift in Sources */,
			);
			runOnlyForDeploymentPostprocessing = 0;
		};
		D1823F281F9D9370005525DE /* Sources */ = {
			isa = PBXSourcesBuildPhase;
			buildActionMask = 2147483647;
			files = (
				D1823F311F9D9370005525DE /* smpleDatePickerUITests.swift in Sources */,
			);
			runOnlyForDeploymentPostprocessing = 0;
		};
/* End PBXSourcesBuildPhase section */

/* Begin PBXTargetDependency section */
		D1823F231F9D9370005525DE /* PBXTargetDependency */ = {
			isa = PBXTargetDependency;
			target = D1823F0C1F9D9370005525DE /* smpleDatePicker */;
			targetProxy = D1823F221F9D9370005525DE /* PBXContainerItemProxy */;
		};
		D1823F2E1F9D9370005525DE /* PBXTargetDependency */ = {
			isa = PBXTargetDependency;
			target = D1823F0C1F9D9370005525DE /* smpleDatePicker */;
			targetProxy = D1823F2D1F9D9370005525DE /* PBXContainerItemProxy */;
		};
/* End PBXTargetDependency section */

/* Begin PBXVariantGroup section */
		D1823F141F9D9370005525DE /* Main.storyboard */ = {
			isa = PBXVariantGroup;
			children = (
				D1823F151F9D9370005525DE /* Base */,
			);
			name = Main.storyboard;
			sourceTree = "<group>";
		};
		D1823F191F9D9370005525DE /* LaunchScreen.storyboard */ = {
			isa = PBXVariantGroup;
			children = (
				D1823F1A1F9D9370005525DE /* Base */,
			);
			name = LaunchScreen.storyboard;
			sourceTree = "<group>";
		};
/* End PBXVariantGroup section */

/* Begin XCBuildConfiguration section */
		D1823F331F9D9370005525DE /* Debug */ = {
			isa = XCBuildConfiguration;
			buildSettings = {
				ALWAYS_SEARCH_USER_PATHS = NO;
				CLANG_ANALYZER_NONNULL = YES;
				CLANG_ANALYZER_NUMBER_OBJECT_CONVERSION = YES_AGGRESSIVE;
				CLANG_CXX_LANGUAGE_STANDARD = "gnu++14";
				CLANG_CXX_LIBRARY = "libc++";
				CLANG_ENABLE_MODULES = YES;
				CLANG_ENABLE_OBJC_ARC = YES;
				CLANG_WARN_BLOCK_CAPTURE_AUTORELEASING = YES;
				CLANG_WARN_BOOL_CONVERSION = YES;
				CLANG_WARN_COMMA = YES;
				CLANG_WARN_CONSTANT_CONVERSION = YES;
				CLANG_WARN_DIRECT_OBJC_ISA_USAGE = YES_ERROR;
				CLANG_WARN_DOCUMENTATION_COMMENTS = YES;
				CLANG_WARN_EMPTY_BODY = YES;
				CLANG_WARN_ENUM_CONVERSION = YES;
				CLANG_WARN_INFINITE_RECURSION = YES;
				CLANG_WARN_INT_CONVERSION = YES;
				CLANG_WARN_NON_LITERAL_NULL_CONVERSION = YES;
				CLANG_WARN_OBJC_LITERAL_CONVERSION = YES;
				CLANG_WARN_OBJC_ROOT_CLASS = YES_ERROR;
				CLANG_WARN_RANGE_LOOP_ANALYSIS = YES;
				CLANG_WARN_STRICT_PROTOTYPES = YES;
				CLANG_WARN_SUSPICIOUS_MOVE = YES;
				CLANG_WARN_UNGUARDED_AVAILABILITY = YES_AGGRESSIVE;
				CLANG_WARN_UNREACHABLE_CODE = YES;
				CLANG_WARN__DUPLICATE_METHOD_MATCH = YES;
				CODE_SIGN_IDENTITY = "iPhone Developer";
				COPY_PHASE_STRIP = NO;
				DEBUG_INFORMATION_FORMAT = dwarf;
				ENABLE_STRICT_OBJC_MSGSEND = YES;
				ENABLE_TESTABILITY = YES;
				GCC_C_LANGUAGE_STANDARD = gnu11;
				GCC_DYNAMIC_NO_PIC = NO;
				GCC_NO_COMMON_BLOCKS = YES;
				GCC_OPTIMIZATION_LEVEL = 0;
				GCC_PREPROCESSOR_DEFINITIONS = (
					"DEBUG=1",
					"$(inherited)",
				);
				GCC_WARN_64_TO_32_BIT_CONVERSION = YES;
				GCC_WARN_ABOUT_RETURN_TYPE = YES_ERROR;
				GCC_WARN_UNDECLARED_SELECTOR = YES;
				GCC_WARN_UNINITIALIZED_AUTOS = YES_AGGRESSIVE;
				GCC_WARN_UNUSED_FUNCTION = YES;
				GCC_WARN_UNUSED_VARIABLE = YES;
				IPHONEOS_DEPLOYMENT_TARGET = 11.0;
				MTL_ENABLE_DEBUG_INFO = YES;
				ONLY_ACTIVE_ARCH = YES;
				SDKROOT = iphoneos;
				SWIFT_ACTIVE_COMPILATION_CONDITIONS = DEBUG;
				SWIFT_OPTIMIZATION_LEVEL = "-Onone";
			};
			name = Debug;
		};
		D1823F341F9D9370005525DE /* Release */ = {
			isa = XCBuildConfiguration;
			buildSettings = {
				ALWAYS_SEARCH_USER_PATHS = NO;
				CLANG_ANALYZER_NONNULL = YES;
				CLANG_ANALYZER_NUMBER_OBJECT_CONVERSION = YES_AGGRESSIVE;
				CLANG_CXX_LANGUAGE_STANDARD = "gnu++14";
				CLANG_CXX_LIBRARY = "libc++";
				CLANG_ENABLE_MODULES = YES;
				CLANG_ENABLE_OBJC_ARC = YES;
				CLANG_WARN_BLOCK_CAPTURE_AUTORELEASING = YES;
				CLANG_WARN_BOOL_CONVERSION = YES;
				CLANG_WARN_COMMA = YES;
				CLANG_WARN_CONSTANT_CONVERSION = YES;
				CLANG_WARN_DIRECT_OBJC_ISA_USAGE = YES_ERROR;
				CLANG_WARN_DOCUMENTATION_COMMENTS = YES;
				CLANG_WARN_EMPTY_BODY = YES;
				CLANG_WARN_ENUM_CONVERSION = YES;
				CLANG_WARN_INFINITE_RECURSION = YES;
				CLANG_WARN_INT_CONVERSION = YES;
				CLANG_WARN_NON_LITERAL_NULL_CONVERSION = YES;
				CLANG_WARN_OBJC_LITERAL_CONVERSION = YES;
				CLANG_WARN_OBJC_ROOT_CLASS = YES_ERROR;
				CLANG_WARN_RANGE_LOOP_ANALYSIS = YES;
				CLANG_WARN_STRICT_PROTOTYPES = YES;
				CLANG_WARN_SUSPICIOUS_MOVE = YES;
				CLANG_WARN_UNGUARDED_AVAILABILITY = YES_AGGRESSIVE;
				CLANG_WARN_UNREACHABLE_CODE = YES;
				CLANG_WARN__DUPLICATE_METHOD_MATCH = YES;
				CODE_SIGN_IDENTITY = "iPhone Developer";
				COPY_PHASE_STRIP = NO;
				DEBUG_INFORMATION_FORMAT = "dwarf-with-dsym";
				ENABLE_NS_ASSERTIONS = NO;
				ENABLE_STRICT_OBJC_MSGSEND = YES;
				GCC_C_LANGUAGE_STANDARD = gnu11;
				GCC_NO_COMMON_BLOCKS = YES;
				GCC_WARN_64_TO_32_BIT_CONVERSION = YES;
				GCC_WARN_ABOUT_RETURN_TYPE = YES_ERROR;
				GCC_WARN_UNDECLARED_SELECTOR = YES;
				GCC_WARN_UNINITIALIZED_AUTOS = YES_AGGRESSIVE;
				GCC_WARN_UNUSED_FUNCTION = YES;
				GCC_WARN_UNUSED_VARIABLE = YES;
				IPHONEOS_DEPLOYMENT_TARGET = 11.0;
				MTL_ENABLE_DEBUG_INFO = NO;
				SDKROOT = iphoneos;
				SWIFT_OPTIMIZATION_LEVEL = "-Owholemodule";
				VALIDATE_PRODUCT = YES;
			};
			name = Release;
		};
		D1823F361F9D9370005525DE /* Debug */ = {
			isa = XCBuildConfiguration;
			buildSettings = {
				ASSETCATALOG_COMPILER_APPICON_NAME = AppIcon;
				CODE_SIGN_STYLE = Automatic;
				INFOPLIST_FILE = smpleDatePicker/Info.plist;
				LD_RUNPATH_SEARCH_PATHS = "$(inherited) @executable_path/Frameworks";
				PRODUCT_BUNDLE_IDENTIFIER = "life-of.smpleDatePicker";
				PRODUCT_NAME = "$(TARGET_NAME)";
				SWIFT_VERSION = 4.0;
				TARGETED_DEVICE_FAMILY = "1,2";
			};
			name = Debug;
		};
		D1823F371F9D9370005525DE /* Release */ = {
			isa = XCBuildConfiguration;
			buildSettings = {
				ASSETCATALOG_COMPILER_APPICON_NAME = AppIcon;
				CODE_SIGN_STYLE = Automatic;
				INFOPLIST_FILE = smpleDatePicker/Info.plist;
				LD_RUNPATH_SEARCH_PATHS = "$(inherited) @executable_path/Frameworks";
				PRODUCT_BUNDLE_IDENTIFIER = "life-of.smpleDatePicker";
				PRODUCT_NAME = "$(TARGET_NAME)";
				SWIFT_VERSION = 4.0;
				TARGETED_DEVICE_FAMILY = "1,2";
			};
			name = Release;
		};
		D1823F391F9D9370005525DE /* Debug */ = {
			isa = XCBuildConfiguration;
			buildSettings = {
				ALWAYS_EMBED_SWIFT_STANDARD_LIBRARIES = YES;
				BUNDLE_LOADER = "$(TEST_HOST)";
				CODE_SIGN_STYLE = Automatic;
				INFOPLIST_FILE = smpleDatePickerTests/Info.plist;
				LD_RUNPATH_SEARCH_PATHS = "$(inherited) @executable_path/Frameworks @loader_path/Frameworks";
				PRODUCT_BUNDLE_IDENTIFIER = "life-of.smpleDatePickerTests";
				PRODUCT_NAME = "$(TARGET_NAME)";
				SWIFT_VERSION = 4.0;
				TARGETED_DEVICE_FAMILY = "1,2";
				TEST_HOST = "$(BUILT_PRODUCTS_DIR)/smpleDatePicker.app/smpleDatePicker";
			};
			name = Debug;
		};
		D1823F3A1F9D9370005525DE /* Release */ = {
			isa = XCBuildConfiguration;
			buildSettings = {
				ALWAYS_EMBED_SWIFT_STANDARD_LIBRARIES = YES;
				BUNDLE_LOADER = "$(TEST_HOST)";
				CODE_SIGN_STYLE = Automatic;
				INFOPLIST_FILE = smpleDatePickerTests/Info.plist;
				LD_RUNPATH_SEARCH_PATHS = "$(inherited) @executable_path/Frameworks @loader_path/Frameworks";
				PRODUCT_BUNDLE_IDENTIFIER = "life-of.smpleDatePickerTests";
				PRODUCT_NAME = "$(TARGET_NAME)";
				SWIFT_VERSION = 4.0;
				TARGETED_DEVICE_FAMILY = "1,2";
				TEST_HOST = "$(BUILT_PRODUCTS_DIR)/smpleDatePicker.app/smpleDatePicker";
			};
			name = Release;
		};
		D1823F3C1F9D9370005525DE /* Debug */ = {
			isa = XCBuildConfiguration;
			buildSettings = {
				ALWAYS_EMBED_SWIFT_STANDARD_LIBRARIES = YES;
				CODE_SIGN_STYLE = Automatic;
				INFOPLIST_FILE = smpleDatePickerUITests/Info.plist;
				LD_RUNPATH_SEARCH_PATHS = "$(inherited) @executable_path/Frameworks @loader_path/Frameworks";
				PRODUCT_BUNDLE_IDENTIFIER = "life-of.smpleDatePickerUITests";
				PRODUCT_NAME = "$(TARGET_NAME)";
				SWIFT_VERSION = 4.0;
				TARGETED_DEVICE_FAMILY = "1,2";
				TEST_TARGET_NAME = smpleDatePicker;
			};
			name = Debug;
		};
		D1823F3D1F9D9370005525DE /* Release */ = {
			isa = XCBuildConfiguration;
			buildSettings = {
				ALWAYS_EMBED_SWIFT_STANDARD_LIBRARIES = YES;
				CODE_SIGN_STYLE = Automatic;
				INFOPLIST_FILE = smpleDatePickerUITests/Info.plist;
				LD_RUNPATH_SEARCH_PATHS = "$(inherited) @executable_path/Frameworks @loader_path/Frameworks";
				PRODUCT_BUNDLE_IDENTIFIER = "life-of.smpleDatePickerUITests";
				PRODUCT_NAME = "$(TARGET_NAME)";
				SWIFT_VERSION = 4.0;
				TARGETED_DEVICE_FAMILY = "1,2";
				TEST_TARGET_NAME = smpleDatePicker;
			};
			name = Release;
		};
/* End XCBuildConfiguration section */

/* Begin XCConfigurationList section */
		D1823F081F9D9370005525DE /* Build configuration list for PBXProject "smpleDatePicker" */ = {
			isa = XCConfigurationList;
			buildConfigurations = (
				D1823F331F9D9370005525DE /* Debug */,
				D1823F341F9D9370005525DE /* Release */,
			);
			defaultConfigurationIsVisible = 0;
			defaultConfigurationName = Release;
		};
		D1823F351F9D9370005525DE /* Build configuration list for PBXNativeTarget "smpleDatePicker" */ = {
			isa = XCConfigurationList;
			buildConfigurations = (
				D1823F361F9D9370005525DE /* Debug */,
				D1823F371F9D9370005525DE /* Release */,
			);
			defaultConfigurationIsVisible = 0;
			defaultConfigurationName = Release;
		};
		D1823F381F9D9370005525DE /* Build configuration list for PBXNativeTarget "smpleDatePickerTests" */ = {
			isa = XCConfigurationList;
			buildConfigurations = (
				D1823F391F9D9370005525DE /* Debug */,
				D1823F3A1F9D9370005525DE /* Release */,
			);
			defaultConfigurationIsVisible = 0;
			defaultConfigurationName = Release;
		};
		D1823F3B1F9D9370005525DE /* Build configuration list for PBXNativeTarget "smpleDatePickerUITests" */ = {
			isa = XCConfigurationList;
			buildConfigurations = (
				D1823F3C1F9D9370005525DE /* Debug */,
				D1823F3D1F9D9370005525DE /* Release */,
			);
			defaultConfigurationIsVisible = 0;
			defaultConfigurationName = Release;
		};
/* End XCConfigurationList section */
	};
	rootObject = D1823F051F9D9370005525DE /* Project object */;
}
